
Microsoft Visual Studio Solution File, Format Version 11.00
# Visual C# Express 2010
Project("{FAE04EC0-301F-11D3-BF4B-00C04F79EFBC}") = "CCIChapter2", "CCIChapter2\CCIChapter2.csproj", "{508BDAE0-3BB6-4F5D-A154-806F783FBF77}"
EndProject
Global
	GlobalSection(SolutionConfigurationPlatforms) = preSolution
		Debug|x86 = Debug|x86
		Release|x86 = Release|x86
	EndGlobalSection
	GlobalSection(ProjectConfigurationPlatforms) = postSolution
		{508BDAE0-3BB6-4F5D-A154-806F783FBF77}.Debug|x86.ActiveCfg = Debug|x86
		{508BDAE0-3BB6-4F5D-A154-806F783FBF77}.Debug|x86.Build.0 = Debug|x86
		{508BDAE0-3BB6-4F5D-A154-806F783FBF77}.Release|x86.ActiveCfg = Release|x86
		{508BDAE0-3BB6-4F5D-A154-806F783FBF77}.Release|x86.Build.0 = Release|x86
	EndGlobalSection
	GlobalSection(SolutionProperties) = preSolution
		HideSolutionNode = FALSE
	EndGlobalSection
EndGlobal
